
Microsoft Visual Studio Solution File, Format Version 12.00
# Visual Studio Version 16
VisualStudioVersion = 16.0.30611.23
MinimumVisualStudioVersion = 10.0.40219.1
Project("{2150E333-8FDC-42A3-9474-1A3956D46DE8}") = "BRYAN_AGUIRRE", "BRYAN_AGUIRRE", "{D5F7C98E-AC28-4FD1-A166-5D16804449A8}"
EndProject
Project("{2150E333-8FDC-42A3-9474-1A3956D46DE8}") = "JOSE_LOPEZ", "JOSE_LOPEZ", "{5CCD1021-E465-4FA5-9CED-0324330C8A5C}"
EndProject
Project("{2150E333-8FDC-42A3-9474-1A3956D46DE8}") = "CARLOS_LAIB", "CARLOS_LAIB", "{2CD68E0C-C2F0-450B-AC69-19130D1D71F3}"
EndProject
Project("{2150E333-8FDC-42A3-9474-1A3956D46DE8}") = "SERGIO_OROZCO", "SERGIO_OROZCO", "{EB161A8F-FF03-4AF3-9D35-D0D5762D7783}"
EndProject
Project("{FAE04EC0-301F-11D3-BF4B-00C04F79EFBC}") = "CapaModeloBryan", "CapaModeloBryan\CapaModeloBryan.csproj", "{4E6141BE-A082-492C-ADFD-29A9A78793DC}"
EndProject
Project("{FAE04EC0-301F-11D3-BF4B-00C04F79EFBC}") = "CapaVistaBryan", "CapaVistaBryan\CapaVistaBryan.csproj", "{8AAC0B94-7FFB-43AE-860C-3E41E4815081}"
EndProject
Project("{FAE04EC0-301F-11D3-BF4B-00C04F79EFBC}") = "CapaControladorBryan", "CapaControladorBryan\CapaControladorBryan.csproj", "{BE8C69C7-9143-4021-A9AB-173716ADE731}"
EndProject
Project("{FAE04EC0-301F-11D3-BF4B-00C04F79EFBC}") = "CapaVistaCarlos", "CapaVistaCarlos\CapaVistaCarlos.csproj", "{8D5EECD2-4CB8-4EE5-8989-74B27464F270}"
EndProject
Project("{FAE04EC0-301F-11D3-BF4B-00C04F79EFBC}") = "CapaControladorCarlos", "CapaControladorCarlos\CapaControladorCarlos.csproj", "{A8BB6CA9-00DF-438D-9D4D-08A7E15EFCEB}"
EndProject
Project("{FAE04EC0-301F-11D3-BF4B-00C04F79EFBC}") = "CapaModeloCarlos", "CapaModeloCarlos\CapaModeloCarlos.csproj", "{243F655B-B362-40B5-A5D7-47271AE6BDC1}"
EndProject
Project("{FAE04EC0-301F-11D3-BF4B-00C04F79EFBC}") = "CapaVistaJose", "CapaVistaJose\CapaVistaJose.csproj", "{567ED2E9-0F66-4B72-9B6B-2BA4E700E9A1}"
EndProject
Project("{FAE04EC0-301F-11D3-BF4B-00C04F79EFBC}") = "CapaControladorJose", "CapaControladorJose\CapaControladorJose.csproj", "{1C0A3A10-74F9-40AD-BD0D-B2B90F707F65}"
EndProject
Project("{FAE04EC0-301F-11D3-BF4B-00C04F79EFBC}") = "CapaModeloJose", "CapaModeloJose\CapaModeloJose.csproj", "{9A877339-E4FA-456F-897E-B2EA3EB6F022}"
EndProject
Project("{FAE04EC0-301F-11D3-BF4B-00C04F79EFBC}") = "CapaVistaSergio", "CapaVistaSergio\CapaVistaSergio.csproj", "{D187B8F0-630A-4D0B-BA8F-3774519D81F6}"
EndProject
Project("{FAE04EC0-301F-11D3-BF4B-00C04F79EFBC}") = "CapaModeloSergio", "CapaModeloSergio\CapaModeloSergio.csproj", "{7BC0FB9C-25E1-465E-A37F-D9F712AA56DC}"
EndProject
Project("{FAE04EC0-301F-11D3-BF4B-00C04F79EFBC}") = "CapaControladorSergio", "CapaControladorSergio\CapaControladorSergio.csproj", "{84B1AB6E-029E-4E59-B8A8-8F8887EAF609}"
EndProject
Global
	GlobalSection(SolutionConfigurationPlatforms) = preSolution
		Debug|Any CPU = Debug|Any CPU
		Release|Any CPU = Release|Any CPU
	EndGlobalSection
	GlobalSection(ProjectConfigurationPlatforms) = postSolution
		{4E6141BE-A082-492C-ADFD-29A9A78793DC}.Debug|Any CPU.ActiveCfg = Debug|Any CPU
		{4E6141BE-A082-492C-ADFD-29A9A78793DC}.Debug|Any CPU.Build.0 = Debug|Any CPU
		{4E6141BE-A082-492C-ADFD-29A9A78793DC}.Release|Any CPU.ActiveCfg = Release|Any CPU
		{4E6141BE-A082-492C-ADFD-29A9A78793DC}.Release|Any CPU.Build.0 = Release|Any CPU
		{8AAC0B94-7FFB-43AE-860C-3E41E4815081}.Debug|Any CPU.ActiveCfg = Debug|Any CPU
		{8AAC0B94-7FFB-43AE-860C-3E41E4815081}.Debug|Any CPU.Build.0 = Debug|Any CPU
		{8AAC0B94-7FFB-43AE-860C-3E41E4815081}.Release|Any CPU.ActiveCfg = Release|Any CPU
		{8AAC0B94-7FFB-43AE-860C-3E41E4815081}.Release|Any CPU.Build.0 = Release|Any CPU
		{BE8C69C7-9143-4021-A9AB-173716ADE731}.Debug|Any CPU.ActiveCfg = Debug|Any CPU
		{BE8C69C7-9143-4021-A9AB-173716ADE731}.Debug|Any CPU.Build.0 = Debug|Any CPU
		{BE8C69C7-9143-4021-A9AB-173716ADE731}.Release|Any CPU.ActiveCfg = Release|Any CPU
		{BE8C69C7-9143-4021-A9AB-173716ADE731}.Release|Any CPU.Build.0 = Release|Any CPU
		{8D5EECD2-4CB8-4EE5-8989-74B27464F270}.Debug|Any CPU.ActiveCfg = Debug|Any CPU
		{8D5EECD2-4CB8-4EE5-8989-74B27464F270}.Debug|Any CPU.Build.0 = Debug|Any CPU
		{8D5EECD2-4CB8-4EE5-8989-74B27464F270}.Release|Any CPU.ActiveCfg = Release|Any CPU
		{8D5EECD2-4CB8-4EE5-8989-74B27464F270}.Release|Any CPU.Build.0 = Release|Any CPU
		{A8BB6CA9-00DF-438D-9D4D-08A7E15EFCEB}.Debug|Any CPU.ActiveCfg = Debug|Any CPU
		{A8BB6CA9-00DF-438D-9D4D-08A7E15EFCEB}.Debug|Any CPU.Build.0 = Debug|Any CPU
		{A8BB6CA9-00DF-438D-9D4D-08A7E15EFCEB}.Release|Any CPU.ActiveCfg = Release|Any CPU
		{A8BB6CA9-00DF-438D-9D4D-08A7E15EFCEB}.Release|Any CPU.Build.0 = Release|Any CPU
		{243F655B-B362-40B5-A5D7-47271AE6BDC1}.Debug|Any CPU.ActiveCfg = Debug|Any CPU
		{243F655B-B362-40B5-A5D7-47271AE6BDC1}.Debug|Any CPU.Build.0 = Debug|Any CPU
		{243F655B-B362-40B5-A5D7-47271AE6BDC1}.Release|Any CPU.ActiveCfg = Release|Any CPU
		{243F655B-B362-40B5-A5D7-47271AE6BDC1}.Release|Any CPU.Build.0 = Release|Any CPU
		{567ED2E9-0F66-4B72-9B6B-2BA4E700E9A1}.Debug|Any CPU.ActiveCfg = Debug|Any CPU
		{567ED2E9-0F66-4B72-9B6B-2BA4E700E9A1}.Debug|Any CPU.Build.0 = Debug|Any CPU
		{567ED2E9-0F66-4B72-9B6B-2BA4E700E9A1}.Release|Any CPU.ActiveCfg = Release|Any CPU
		{567ED2E9-0F66-4B72-9B6B-2BA4E700E9A1}.Release|Any CPU.Build.0 = Release|Any CPU
		{1C0A3A10-74F9-40AD-BD0D-B2B90F707F65}.Debug|Any CPU.ActiveCfg = Debug|Any CPU
		{1C0A3A10-74F9-40AD-BD0D-B2B90F707F65}.Debug|Any CPU.Build.0 = Debug|Any CPU
		{1C0A3A10-74F9-40AD-BD0D-B2B90F707F65}.Release|Any CPU.ActiveCfg = Release|Any CPU
		{1C0A3A10-74F9-40AD-BD0D-B2B90F707F65}.Release|Any CPU.Build.0 = Release|Any CPU
		{9A877339-E4FA-456F-897E-B2EA3EB6F022}.Debug|Any CPU.ActiveCfg = Debug|Any CPU
		{9A877339-E4FA-456F-897E-B2EA3EB6F022}.Debug|Any CPU.Build.0 = Debug|Any CPU
		{9A877339-E4FA-456F-897E-B2EA3EB6F022}.Release|Any CPU.ActiveCfg = Release|Any CPU
		{9A877339-E4FA-456F-897E-B2EA3EB6F022}.Release|Any CPU.Build.0 = Release|Any CPU
		{D187B8F0-630A-4D0B-BA8F-3774519D81F6}.Debug|Any CPU.ActiveCfg = Debug|Any CPU
		{D187B8F0-630A-4D0B-BA8F-3774519D81F6}.Debug|Any CPU.Build.0 = Debug|Any CPU
		{D187B8F0-630A-4D0B-BA8F-3774519D81F6}.Release|Any CPU.ActiveCfg = Release|Any CPU
		{D187B8F0-630A-4D0B-BA8F-3774519D81F6}.Release|Any CPU.Build.0 = Release|Any CPU
		{7BC0FB9C-25E1-465E-A37F-D9F712AA56DC}.Debug|Any CPU.ActiveCfg = Debug|Any CPU
		{7BC0FB9C-25E1-465E-A37F-D9F712AA56DC}.Debug|Any CPU.Build.0 = Debug|Any CPU
		{7BC0FB9C-25E1-465E-A37F-D9F712AA56DC}.Release|Any CPU.ActiveCfg = Release|Any CPU
		{7BC0FB9C-25E1-465E-A37F-D9F712AA56DC}.Release|Any CPU.Build.0 = Release|Any CPU
		{84B1AB6E-029E-4E59-B8A8-8F8887EAF609}.Debug|Any CPU.ActiveCfg = Debug|Any CPU
		{84B1AB6E-029E-4E59-B8A8-8F8887EAF609}.Debug|Any CPU.Build.0 = Debug|Any CPU
		{84B1AB6E-029E-4E59-B8A8-8F8887EAF609}.Release|Any CPU.ActiveCfg = Release|Any CPU
		{84B1AB6E-029E-4E59-B8A8-8F8887EAF609}.Release|Any CPU.Build.0 = Release|Any CPU
	EndGlobalSection
	GlobalSection(SolutionProperties) = preSolution
		HideSolutionNode = FALSE
	EndGlobalSection
	GlobalSection(NestedProjects) = preSolution
		{4E6141BE-A082-492C-ADFD-29A9A78793DC} = {D5F7C98E-AC28-4FD1-A166-5D16804449A8}
		{8AAC0B94-7FFB-43AE-860C-3E41E4815081} = {D5F7C98E-AC28-4FD1-A166-5D16804449A8}
		{BE8C69C7-9143-4021-A9AB-173716ADE731} = {D5F7C98E-AC28-4FD1-A166-5D16804449A8}
		{8D5EECD2-4CB8-4EE5-8989-74B27464F270} = {2CD68E0C-C2F0-450B-AC69-19130D1D71F3}
		{A8BB6CA9-00DF-438D-9D4D-08A7E15EFCEB} = {2CD68E0C-C2F0-450B-AC69-19130D1D71F3}
		{243F655B-B362-40B5-A5D7-47271AE6BDC1} = {2CD68E0C-C2F0-450B-AC69-19130D1D71F3}
		{567ED2E9-0F66-4B72-9B6B-2BA4E700E9A1} = {5CCD1021-E465-4FA5-9CED-0324330C8A5C}
		{1C0A3A10-74F9-40AD-BD0D-B2B90F707F65} = {5CCD1021-E465-4FA5-9CED-0324330C8A5C}
		{9A877339-E4FA-456F-897E-B2EA3EB6F022} = {5CCD1021-E465-4FA5-9CED-0324330C8A5C}
		{D187B8F0-630A-4D0B-BA8F-3774519D81F6} = {EB161A8F-FF03-4AF3-9D35-D0D5762D7783}
		{7BC0FB9C-25E1-465E-A37F-D9F712AA56DC} = {EB161A8F-FF03-4AF3-9D35-D0D5762D7783}
		{84B1AB6E-029E-4E59-B8A8-8F8887EAF609} = {EB161A8F-FF03-4AF3-9D35-D0D5762D7783}
	EndGlobalSection
	GlobalSection(ExtensibilityGlobals) = postSolution
		SolutionGuid = {EF8E9A48-8F79-420A-B667-BDB77E9A8F35}
	EndGlobalSection
EndGlobal
